{
  "name": "wild-trie",
  "version": "0.0.1",
  "lockfileVersion": 1,
  "requires": true,
  "dependencies": {
    "@types/node": {
      "version": "8.0.26",
      "resolved": "https://registry.npmjs.org/@types/node/-/node-8.0.26.tgz",
      "integrity": "sha512-wbKN0MB4XsjdnSE04HiCzLoBDirGCM6zXrqavSj44nZnPFYpnrTF64E9O6Xmf0ca/IuKK/BHUcXwMiwk92gW6Q==",
      "dev": true
    },
    "assert-op": {
      "version": "0.1.0",
      "resolved": "https://registry.npmjs.org/assert-op/-/assert-op-0.1.0.tgz",
      "integrity": "sha512-DMs/IC/+BJhMZptglQgcDjMhOza7ChewjanOpDsLqBakAsrZchBzDl1myWZnOFl38Rv8KvW+ex9Kb+Fr7BdtDA==",
      "dev": true
    },
    "cotest": {
      "version": "3.0.0",
      "resolved": "https://registry.npmjs.org/cotest/-/cotest-3.0.0.tgz",
      "integrity": "sha512-MsxdK1FRMH/q2q7EB7gOO+U4NTU5s4/Fg28qYgk8vreXXlO9pislIGO8QnQrtnTkRw4NdH899KlrZDEt2ywg7g==",
      "dev": true,
      "requires": {
        "assert-op": "0.1.0"
      }
    },
    "node-dynamic-import": {
      "version": "0.2.0",
      "resolved": "https://registry.npmjs.org/node-dynamic-import/-/node-dynamic-import-0.2.0.tgz",
      "integrity": "sha512-3ZO+tEcZ8tOABYbDuwAuBqBzsQ02FixnZN/vdqdWKofTRmOI4j8JIZCehXwhZwWjzpRXzAaH+ckW4YiyIQPkzw==",
      "dev": true,
      "requires": {
        "rollup": "0.48.2"
      }
    },
    "rollup": {
      "version": "0.48.2",
      "resolved": "https://registry.npmjs.org/rollup/-/rollup-0.48.2.tgz",
      "integrity": "sha512-5IOVEA87/OWQlojaAPN0WStLAhlaY7GS/5p+pA/IHReXjtc+d7IJYgRD3Y/U2LVXoD7f1SBc3ymYd4g3M/zRzQ==",
      "dev": true
    }
  }
}
